<?xml version="1.0" encoding="utf-8"?>
<Project ToolsVersion="4.0" xmlns="http://schemas.microsoft.com/developer/msbuild/2003">
  <ItemGroup>
    <Filter Include="Source Files">
      <UniqueIdentifier>{4FC737F1-C7A5-4376-A066-2A32D752A2FF}</UniqueIdentifier>
      <Extensions>cpp;c;cc;cxx;def;odl;idl;hpj;bat;asm;asmx</Extensions>
    </Filter>
    <Filter Include="Header Files">
      <UniqueIdentifier>{93995380-89BD-4b04-88EB-625FBE52EBFB}</UniqueIdentifier>
      <Extensions>h;hh;hpp;hxx;hm;inl;inc;xsd</Extensions>
    </Filter>
    <Filter Include="Resource Files">
      <UniqueIdentifier>{67DA6AB6-F800-4c08-8B7A-83BB121AAD01}</UniqueIdentifier>
      <Extensions>rc;ico;cur;bmp;dlg;rc2;rct;bin;rgs;gif;jpg;jpeg;jpe;resx;tiff;tif;png;wav;mfcribbon-ms</Extensions>
    </Filter>
  </ItemGroup>
  <ItemGroup>
    <ClCompile Include="Source\Application.cpp">
      <Filter>Source Files</Filter>
    </ClCompile>
    <ClCompile Include="Source\main.cpp">
      <Filter>Source Files</Filter>
    </ClCompile>
    <ClCompile Include="Source\shader.cpp">
      <Filter>Source Files</Filter>
    </ClCompile>
    <ClCompile Include="Source\Camera.cpp">
      <Filter>Source Files</Filter>
    </ClCompile>
    <ClCompile Include="Source\Mesh.cpp">
      <Filter>Source Files</Filter>
    </ClCompile>
    <ClCompile Include="Source\MeshBuilder.cpp">
      <Filter>Source Files</Filter>
    </ClCompile>
    <ClCompile Include="Source\Position.cpp">
      <Filter>Source Files</Filter>
    </ClCompile>
    <ClCompile Include="Source\Light.cpp">
      <Filter>Source Files</Filter>
    </ClCompile>
    <ClCompile Include="Source\Material.cpp">
      <Filter>Source Files</Filter>
    </ClCompile>
    <ClCompile Include="Source\Utility.cpp">
      <Filter>Source Files</Filter>
    </ClCompile>
    <ClCompile Include="Source\LoadTGA.cpp">
      <Filter>Source Files</Filter>
    </ClCompile>
    <ClCompile Include="Source\LoadOBJ.cpp">
      <Filter>Source Files</Filter>
    </ClCompile>
    <ClCompile Include="Source\Physics.cpp">
      <Filter>Source Files</Filter>
    </ClCompile>
    <ClCompile Include="Source\OuterSpace.cpp">
      <Filter>Source Files</Filter>
    </ClCompile>
    <ClCompile Include="Source\Inventory.cpp">
      <Filter>Source Files</Filter>
    </ClCompile>
    <ClCompile Include="Source\Quest.cpp">
      <Filter>Source Files</Filter>
    </ClCompile>
    <ClCompile Include="Source\SharedData.cpp">
      <Filter>Source Files</Filter>
    </ClCompile>
    <ClCompile Include="Source\MaterialList.cpp">
      <Filter>Source Files</Filter>
    </ClCompile>
    <ClCompile Include="Source\Upgrade.cpp">
      <Filter>Source Files</Filter>
    </ClCompile>
    <ClCompile Include="Source\PlayerShip.cpp">
      <Filter>Source Files</Filter>
    </ClCompile>
    <ClCompile Include="Source\Ship.cpp">
      <Filter>Source Files</Filter>
    </ClCompile>
    <ClCompile Include="Source\Drone.cpp">
      <Filter>Source Files</Filter>
    </ClCompile>
    <ClCompile Include="Source\Pirate.cpp">
      <Filter>Source Files</Filter>
    </ClCompile>
    <ClCompile Include="Source\Alien.cpp">
      <Filter>Source Files</Filter>
    </ClCompile>
    <ClCompile Include="Source\Bullet.cpp">
      <Filter>Source Files</Filter>
    </ClCompile>
    <ClCompile Include="Source\Asteroid.cpp">
      <Filter>Source Files</Filter>
    </ClCompile>
    <ClCompile Include="Source\Veldspar.cpp">
      <Filter>Source Files</Filter>
    </ClCompile>
    <ClCompile Include="Source\Omber.cpp">
      <Filter>Source Files</Filter>
    </ClCompile>
    <ClCompile Include="Source\Kernite.cpp">
      <Filter>Source Files</Filter>
    </ClCompile>
    <ClCompile Include="Source\StaticObject.cpp">
      <Filter>Source Files</Filter>
    </ClCompile>
    <ClCompile Include="Source\Player.cpp">
      <Filter>Source Files</Filter>
    </ClCompile>
    <ClCompile Include="Source\AI.cpp">
      <Filter>Source Files</Filter>
    </ClCompile>
    <ClCompile Include="Source\GameObject.cpp">
      <Filter>Source Files</Filter>
    </ClCompile>
    <ClCompile Include="Source\RigidBody.cpp">
      <Filter>Source Files</Filter>
    </ClCompile>
    <ClCompile Include="Source\GameScene.cpp">
      <Filter>Source Files</Filter>
    </ClCompile>
    <ClCompile Include="Source\SpaceObject.cpp">
      <Filter>Source Files</Filter>
    </ClCompile>
    <ClCompile Include="Source\PlayerControl.cpp">
      <Filter>Source Files</Filter>
    </ClCompile>
    <ClCompile Include="Source\Load.cpp">
      <Filter>Source Files</Filter>
    </ClCompile>
    <ClCompile Include="Source\PlayerHuman.cpp">
      <Filter>Source Files</Filter>
    </ClCompile>
    <ClCompile Include="Source\Spawn.cpp">
      <Filter>Source Files</Filter>
    </ClCompile>
    <ClCompile Include="Source\CarrickStation.cpp">
      <Filter>Source Files</Filter>
    </ClCompile>
    <ClCompile Include="Source\Collision.cpp">
      <Filter>Source Files</Filter>
    </ClCompile>
    <ClCompile Include="Source\Interactable.cpp">
      <Filter>Source Files</Filter>
    </ClCompile>
    <ClCompile Include="Source\WarpGate.cpp">
      <Filter>Source Files</Filter>
    </ClCompile>
    <ClCompile Include="Source\SpaceStation.cpp">
      <Filter>Source Files</Filter>
    </ClCompile>
    <ClCompile Include="Source\Portal.cpp">
      <Filter>Source Files</Filter>
    </ClCompile>
    <ClCompile Include="Source\SpawnZone.cpp">
      <Filter>Source Files</Filter>
    </ClCompile>
  </ItemGroup>
  <ItemGroup>
    <ClInclude Include="Source\Application.h">
      <Filter>Header Files</Filter>
    </ClInclude>
    <ClInclude Include="Source\Scene.h">
      <Filter>Header Files</Filter>
    </ClInclude>
    <ClInclude Include="Source\shader.hpp">
      <Filter>Header Files</Filter>
    </ClInclude>
    <ClInclude Include="Source\Camera.h">
      <Filter>Header Files</Filter>
    </ClInclude>
    <ClInclude Include="Source\Mesh.h">
      <Filter>Header Files</Filter>
    </ClInclude>
    <ClInclude Include="Source\MeshBuilder.h">
      <Filter>Header Files</Filter>
    </ClInclude>
    <ClInclude Include="Source\Position.h">
      <Filter>Header Files</Filter>
    </ClInclude>
    <ClInclude Include="Source\Colour.h">
      <Filter>Header Files</Filter>
    </ClInclude>
    <ClInclude Include="Source\Vertex.h">
      <Filter>Header Files</Filter>
    </ClInclude>
    <ClInclude Include="Source\Light.h">
      <Filter>Header Files</Filter>
    </ClInclude>
    <ClInclude Include="Source\Material.h">
      <Filter>Header Files</Filter>
    </ClInclude>
    <ClInclude Include="Source\Utility.h">
      <Filter>Header Files</Filter>
    </ClInclude>
    <ClInclude Include="Source\LoadTGA.h">
      <Filter>Header Files</Filter>
    </ClInclude>
    <ClInclude Include="Source\LoadOBJ.h">
      <Filter>Header Files</Filter>
    </ClInclude>
    <ClInclude Include="Source\Physics.h">
      <Filter>Header Files</Filter>
    </ClInclude>
    <ClInclude Include="Source\Quest.h">
      <Filter>Header Files</Filter>
    </ClInclude>
    <ClInclude Include="Source\OuterSpace.h">
      <Filter>Header Files</Filter>
    </ClInclude>
    <ClInclude Include="Source\Inventory.h">
      <Filter>Header Files</Filter>
    </ClInclude>
    <ClInclude Include="Source\MousePosition.h">
      <Filter>Header Files</Filter>
    </ClInclude>
    <ClInclude Include="Source\SharedData.h">
      <Filter>Header Files</Filter>
    </ClInclude>
    <ClInclude Include="Source\MaterialList.h">
      <Filter>Header Files</Filter>
    </ClInclude>
    <ClInclude Include="Source\Upgrade.h">
      <Filter>Header Files</Filter>
    </ClInclude>
    <ClInclude Include="Source\PlayerShip.h">
      <Filter>Header Files</Filter>
    </ClInclude>
    <ClInclude Include="Source\Ship.h">
      <Filter>Header Files</Filter>
    </ClInclude>
    <ClInclude Include="Source\Drone.h">
      <Filter>Header Files</Filter>
    </ClInclude>
    <ClInclude Include="Source\Pirate.h">
      <Filter>Header Files</Filter>
    </ClInclude>
    <ClInclude Include="Source\Alien.h">
      <Filter>Header Files</Filter>
    </ClInclude>
    <ClInclude Include="Source\Bullet.h">
      <Filter>Header Files</Filter>
    </ClInclude>
    <ClInclude Include="Source\Asteroid.h">
      <Filter>Header Files</Filter>
    </ClInclude>
    <ClInclude Include="Source\Veldspar.h">
      <Filter>Header Files</Filter>
    </ClInclude>
    <ClInclude Include="Source\Omber.h">
      <Filter>Header Files</Filter>
    </ClInclude>
    <ClInclude Include="Source\Kernite.h">
      <Filter>Header Files</Filter>
    </ClInclude>
    <ClInclude Include="Source\StaticObject.h">
      <Filter>Header Files</Filter>
    </ClInclude>
    <ClInclude Include="Source\Player.h">
      <Filter>Header Files</Filter>
    </ClInclude>
    <ClInclude Include="Source\AI.h">
      <Filter>Header Files</Filter>
    </ClInclude>
    <ClInclude Include="Source\GameObject.h">
      <Filter>Header Files</Filter>
    </ClInclude>
    <ClInclude Include="Source\RigidBody.h">
      <Filter>Header Files</Filter>
    </ClInclude>
    <ClInclude Include="Source\SpaceObject.h">
      <Filter>Header Files</Filter>
    </ClInclude>
    <ClInclude Include="Source\GameScene.h">
      <Filter>Header Files</Filter>
    </ClInclude>
    <ClInclude Include="Source\PlayerControl.h">
      <Filter>Header Files</Filter>
    </ClInclude>
    <ClInclude Include="Source\Load.h">
      <Filter>Header Files</Filter>
    </ClInclude>
    <ClInclude Include="Source\PlayerHuman.h">
      <Filter>Header Files</Filter>
    </ClInclude>
    <ClInclude Include="Source\Spawn.h">
      <Filter>Header Files</Filter>
    </ClInclude>
    <ClInclude Include="Source\CarrickStation.h">
      <Filter>Header Files</Filter>
    </ClInclude>
    <ClInclude Include="Source\Collision.h">
      <Filter>Header Files</Filter>
    </ClInclude>
    <ClInclude Include="Source\Interactable.h">
      <Filter>Header Files</Filter>
    </ClInclude>
    <ClInclude Include="Source\WarpGate.h">
      <Filter>Header Files</Filter>
    </ClInclude>
    <ClInclude Include="Source\SpaceStation.h">
      <Filter>Header Files</Filter>
    </ClInclude>
    <ClInclude Include="Source\Portal.h">
      <Filter>Header Files</Filter>
    </ClInclude>
    <ClInclude Include="Source\SpawnZone.h">
      <Filter>Header Files</Filter>
    </ClInclude>
  </ItemGroup>
</Project>